
Microsoft Visual Studio Solution File, Format Version 12.00
# Visual Studio 15
VisualStudioVersion = 15.0.28307.168
MinimumVisualStudioVersion = 10.0.40219.1
Project("{FAE04EC0-301F-11D3-BF4B-00C04F79EFBC}") = "Numero y Exponente", "Numero y Exponente.csproj", "{179734B9-CE14-418C-8E40-6E7520B45816}"
EndProject
Global
	GlobalSection(SolutionConfigurationPlatforms) = preSolution
		Debug|Any CPU = Debug|Any CPU
		Release|Any CPU = Release|Any CPU
	EndGlobalSection
	GlobalSection(ProjectConfigurationPlatforms) = postSolution
		{179734B9-CE14-418C-8E40-6E7520B45816}.Debug|Any CPU.ActiveCfg = Debug|Any CPU
		{179734B9-CE14-418C-8E40-6E7520B45816}.Debug|Any CPU.Build.0 = Debug|Any CPU
		{179734B9-CE14-418C-8E40-6E7520B45816}.Release|Any CPU.ActiveCfg = Release|Any CPU
		{179734B9-CE14-418C-8E40-6E7520B45816}.Release|Any CPU.Build.0 = Release|Any CPU
	EndGlobalSection
	GlobalSection(SolutionProperties) = preSolution
		HideSolutionNode = FALSE
	EndGlobalSection
	GlobalSection(ExtensibilityGlobals) = postSolution
		SolutionGuid = {61491862-34D4-414C-B5DF-557B981A428F}
	EndGlobalSection
EndGlobal
