
Microsoft Visual Studio Solution File, Format Version 12.00
# Visual Studio 15
VisualStudioVersion = 15.0.28307.329
MinimumVisualStudioVersion = 10.0.40219.1
Project("{FAE04EC0-301F-11D3-BF4B-00C04F79EFBC}") = "Conversor de numeros a letras", "Conversor de numeros a letras\Conversor de numeros a letras.csproj", "{F120AFDA-09EF-4880-AA4A-6A782310678D}"
EndProject
Global
	GlobalSection(SolutionConfigurationPlatforms) = preSolution
		Debug|Any CPU = Debug|Any CPU
		Release|Any CPU = Release|Any CPU
	EndGlobalSection
	GlobalSection(ProjectConfigurationPlatforms) = postSolution
		{F120AFDA-09EF-4880-AA4A-6A782310678D}.Debug|Any CPU.ActiveCfg = Debug|Any CPU
		{F120AFDA-09EF-4880-AA4A-6A782310678D}.Debug|Any CPU.Build.0 = Debug|Any CPU
		{F120AFDA-09EF-4880-AA4A-6A782310678D}.Release|Any CPU.ActiveCfg = Release|Any CPU
		{F120AFDA-09EF-4880-AA4A-6A782310678D}.Release|Any CPU.Build.0 = Release|Any CPU
	EndGlobalSection
	GlobalSection(SolutionProperties) = preSolution
		HideSolutionNode = FALSE
	EndGlobalSection
	GlobalSection(ExtensibilityGlobals) = postSolution
		SolutionGuid = {B2A0DE6A-4DF3-4C90-9AA4-6126819B095F}
	EndGlobalSection
EndGlobal
