
Microsoft Visual Studio Solution File, Format Version 12.00
# Visual Studio 15
VisualStudioVersion = 15.0.28307.168
MinimumVisualStudioVersion = 10.0.40219.1
Project("{FAE04EC0-301F-11D3-BF4B-00C04F79EFBC}") = "Tabla De Multiplicar", "Tabla De Multiplicar.csproj", "{C2946129-B1EA-4D6A-BFE6-27AEE262FFF4}"
EndProject
Global
	GlobalSection(SolutionConfigurationPlatforms) = preSolution
		Debug|Any CPU = Debug|Any CPU
		Release|Any CPU = Release|Any CPU
	EndGlobalSection
	GlobalSection(ProjectConfigurationPlatforms) = postSolution
		{C2946129-B1EA-4D6A-BFE6-27AEE262FFF4}.Debug|Any CPU.ActiveCfg = Debug|Any CPU
		{C2946129-B1EA-4D6A-BFE6-27AEE262FFF4}.Debug|Any CPU.Build.0 = Debug|Any CPU
		{C2946129-B1EA-4D6A-BFE6-27AEE262FFF4}.Release|Any CPU.ActiveCfg = Release|Any CPU
		{C2946129-B1EA-4D6A-BFE6-27AEE262FFF4}.Release|Any CPU.Build.0 = Release|Any CPU
	EndGlobalSection
	GlobalSection(SolutionProperties) = preSolution
		HideSolutionNode = FALSE
	EndGlobalSection
	GlobalSection(ExtensibilityGlobals) = postSolution
		SolutionGuid = {192CD4B5-39BF-4A0E-9871-3F37C9DD6E8C}
	EndGlobalSection
EndGlobal
