
Microsoft Visual Studio Solution File, Format Version 12.00
# Visual Studio 15
VisualStudioVersion = 15.0.28307.168
MinimumVisualStudioVersion = 10.0.40219.1
Project("{FAE04EC0-301F-11D3-BF4B-00C04F79EFBC}") = "Promedio de personas (while)", "Promedio de personas (while).csproj", "{97779612-B18C-4182-906E-DBCD066BAF54}"
EndProject
Global
	GlobalSection(SolutionConfigurationPlatforms) = preSolution
		Debug|Any CPU = Debug|Any CPU
		Release|Any CPU = Release|Any CPU
	EndGlobalSection
	GlobalSection(ProjectConfigurationPlatforms) = postSolution
		{97779612-B18C-4182-906E-DBCD066BAF54}.Debug|Any CPU.ActiveCfg = Debug|Any CPU
		{97779612-B18C-4182-906E-DBCD066BAF54}.Debug|Any CPU.Build.0 = Debug|Any CPU
		{97779612-B18C-4182-906E-DBCD066BAF54}.Release|Any CPU.ActiveCfg = Release|Any CPU
		{97779612-B18C-4182-906E-DBCD066BAF54}.Release|Any CPU.Build.0 = Release|Any CPU
	EndGlobalSection
	GlobalSection(SolutionProperties) = preSolution
		HideSolutionNode = FALSE
	EndGlobalSection
	GlobalSection(ExtensibilityGlobals) = postSolution
		SolutionGuid = {BAC3D8FB-D446-4698-AD8F-C17E14E71B62}
	EndGlobalSection
EndGlobal
